
Microsoft Visual Studio Solution File, Format Version 12.00
# Visual Studio Version 17
VisualStudioVersion = 17.9.34622.214
MinimumVisualStudioVersion = 10.0.40219.1
Project("{9A19103F-16F7-4668-BE54-9A1E7A4F7556}") = "CPTWorkouts", "CPTWorkouts.csproj", "{35ED0300-51CA-43F2-A7B9-F5804EC3E718}"
EndProject
Global
	GlobalSection(SolutionConfigurationPlatforms) = preSolution
		Debug|Any CPU = Debug|Any CPU
		Release|Any CPU = Release|Any CPU
	EndGlobalSection
	GlobalSection(ProjectConfigurationPlatforms) = postSolution
		{35ED0300-51CA-43F2-A7B9-F5804EC3E718}.Debug|Any CPU.ActiveCfg = Debug|Any CPU
		{35ED0300-51CA-43F2-A7B9-F5804EC3E718}.Debug|Any CPU.Build.0 = Debug|Any CPU
		{35ED0300-51CA-43F2-A7B9-F5804EC3E718}.Release|Any CPU.ActiveCfg = Release|Any CPU
		{35ED0300-51CA-43F2-A7B9-F5804EC3E718}.Release|Any CPU.Build.0 = Release|Any CPU
	EndGlobalSection
	GlobalSection(SolutionProperties) = preSolution
		HideSolutionNode = FALSE
	EndGlobalSection
	GlobalSection(ExtensibilityGlobals) = postSolution
		SolutionGuid = {3C2F5290-7888-4975-A4D4-D4241D656A09}
	EndGlobalSection
EndGlobal
